
Microsoft Visual Studio Solution File, Format Version 12.00
# Visual Studio Version 16
VisualStudioVersion = 16.0.28621.142
MinimumVisualStudioVersion = 15.0.26124.0
Project("{2150E333-8FDC-42A3-9474-1A3956D46DE8}") = "src", "src", "{970C7886-681A-48B2-9A06-F8EEEDD78889}"
EndProject
Project("{9A19103F-16F7-4668-BE54-9A1E7A4F7556}") = "AspNetCore.SignalR.AzureServiceBus", "src\AspNetCore.SignalR.AzureServiceBus\AspNetCore.SignalR.AzureServiceBus.csproj", "{16E4EF9C-DF55-408D-B0BA-85445BA17742}"
EndProject
Project("{2150E333-8FDC-42A3-9474-1A3956D46DE8}") = "tests", "tests", "{932E7DED-D9BA-4B46-A7B8-D1398AE9B97F}"
EndProject
Project("{9A19103F-16F7-4668-BE54-9A1E7A4F7556}") = "AspNetCore.SignalR.AzureServiceBus.TestApi", "tests\AspNetCore.SignalR.AzureServiceBus.TestApi\AspNetCore.SignalR.AzureServiceBus.TestApi.csproj", "{0780F422-4C65-48B7-B337-24DDAB9A0508}"
EndProject
Project("{9A19103F-16F7-4668-BE54-9A1E7A4F7556}") = "AspNetCore.SignalR.AzureServiceBus.UnitTests", "tests\AspNetCore.SignalR.AzureServiceBus.UnitTests\AspNetCore.SignalR.AzureServiceBus.UnitTests.csproj", "{09FFB0A6-1EF3-404D-8A7F-C377D93F5C8F}"
EndProject
Project("{2150E333-8FDC-42A3-9474-1A3956D46DE8}") = "Solution Items", "Solution Items", "{70AFE436-BE71-4530-9D92-63F724ACC06B}"
	ProjectSection(SolutionItems) = preProject
		.editorconfig = .editorconfig
		.gitignore = .gitignore
	EndProjectSection
EndProject
Global
	GlobalSection(SolutionConfigurationPlatforms) = preSolution
		Debug|Any CPU = Debug|Any CPU
		Debug|x64 = Debug|x64
		Debug|x86 = Debug|x86
		Release|Any CPU = Release|Any CPU
		Release|x64 = Release|x64
		Release|x86 = Release|x86
	EndGlobalSection
	GlobalSection(ProjectConfigurationPlatforms) = postSolution
		{16E4EF9C-DF55-408D-B0BA-85445BA17742}.Debug|Any CPU.ActiveCfg = Debug|Any CPU
		{16E4EF9C-DF55-408D-B0BA-85445BA17742}.Debug|Any CPU.Build.0 = Debug|Any CPU
		{16E4EF9C-DF55-408D-B0BA-85445BA17742}.Debug|x64.ActiveCfg = Debug|Any CPU
		{16E4EF9C-DF55-408D-B0BA-85445BA17742}.Debug|x64.Build.0 = Debug|Any CPU
		{16E4EF9C-DF55-408D-B0BA-85445BA17742}.Debug|x86.ActiveCfg = Debug|Any CPU
		{16E4EF9C-DF55-408D-B0BA-85445BA17742}.Debug|x86.Build.0 = Debug|Any CPU
		{16E4EF9C-DF55-408D-B0BA-85445BA17742}.Release|Any CPU.ActiveCfg = Release|Any CPU
		{16E4EF9C-DF55-408D-B0BA-85445BA17742}.Release|Any CPU.Build.0 = Release|Any CPU
		{16E4EF9C-DF55-408D-B0BA-85445BA17742}.Release|x64.ActiveCfg = Release|Any CPU
		{16E4EF9C-DF55-408D-B0BA-85445BA17742}.Release|x64.Build.0 = Release|Any CPU
		{16E4EF9C-DF55-408D-B0BA-85445BA17742}.Release|x86.ActiveCfg = Release|Any CPU
		{16E4EF9C-DF55-408D-B0BA-85445BA17742}.Release|x86.Build.0 = Release|Any CPU
		{0780F422-4C65-48B7-B337-24DDAB9A0508}.Debug|Any CPU.ActiveCfg = Debug|Any CPU
		{0780F422-4C65-48B7-B337-24DDAB9A0508}.Debug|Any CPU.Build.0 = Debug|Any CPU
		{0780F422-4C65-48B7-B337-24DDAB9A0508}.Debug|x64.ActiveCfg = Debug|Any CPU
		{0780F422-4C65-48B7-B337-24DDAB9A0508}.Debug|x64.Build.0 = Debug|Any CPU
		{0780F422-4C65-48B7-B337-24DDAB9A0508}.Debug|x86.ActiveCfg = Debug|Any CPU
		{0780F422-4C65-48B7-B337-24DDAB9A0508}.Debug|x86.Build.0 = Debug|Any CPU
		{0780F422-4C65-48B7-B337-24DDAB9A0508}.Release|Any CPU.ActiveCfg = Release|Any CPU
		{0780F422-4C65-48B7-B337-24DDAB9A0508}.Release|Any CPU.Build.0 = Release|Any CPU
		{0780F422-4C65-48B7-B337-24DDAB9A0508}.Release|x64.ActiveCfg = Release|Any CPU
		{0780F422-4C65-48B7-B337-24DDAB9A0508}.Release|x64.Build.0 = Release|Any CPU
		{0780F422-4C65-48B7-B337-24DDAB9A0508}.Release|x86.ActiveCfg = Release|Any CPU
		{0780F422-4C65-48B7-B337-24DDAB9A0508}.Release|x86.Build.0 = Release|Any CPU
		{09FFB0A6-1EF3-404D-8A7F-C377D93F5C8F}.Debug|Any CPU.ActiveCfg = Debug|Any CPU
		{09FFB0A6-1EF3-404D-8A7F-C377D93F5C8F}.Debug|Any CPU.Build.0 = Debug|Any CPU
		{09FFB0A6-1EF3-404D-8A7F-C377D93F5C8F}.Debug|x64.ActiveCfg = Debug|Any CPU
		{09FFB0A6-1EF3-404D-8A7F-C377D93F5C8F}.Debug|x64.Build.0 = Debug|Any CPU
		{09FFB0A6-1EF3-404D-8A7F-C377D93F5C8F}.Debug|x86.ActiveCfg = Debug|Any CPU
		{09FFB0A6-1EF3-404D-8A7F-C377D93F5C8F}.Debug|x86.Build.0 = Debug|Any CPU
		{09FFB0A6-1EF3-404D-8A7F-C377D93F5C8F}.Release|Any CPU.ActiveCfg = Release|Any CPU
		{09FFB0A6-1EF3-404D-8A7F-C377D93F5C8F}.Release|Any CPU.Build.0 = Release|Any CPU
		{09FFB0A6-1EF3-404D-8A7F-C377D93F5C8F}.Release|x64.ActiveCfg = Release|Any CPU
		{09FFB0A6-1EF3-404D-8A7F-C377D93F5C8F}.Release|x64.Build.0 = Release|Any CPU
		{09FFB0A6-1EF3-404D-8A7F-C377D93F5C8F}.Release|x86.ActiveCfg = Release|Any CPU
		{09FFB0A6-1EF3-404D-8A7F-C377D93F5C8F}.Release|x86.Build.0 = Release|Any CPU
	EndGlobalSection
	GlobalSection(SolutionProperties) = preSolution
		HideSolutionNode = FALSE
	EndGlobalSection
	GlobalSection(NestedProjects) = preSolution
		{16E4EF9C-DF55-408D-B0BA-85445BA17742} = {970C7886-681A-48B2-9A06-F8EEEDD78889}
		{0780F422-4C65-48B7-B337-24DDAB9A0508} = {932E7DED-D9BA-4B46-A7B8-D1398AE9B97F}
		{09FFB0A6-1EF3-404D-8A7F-C377D93F5C8F} = {932E7DED-D9BA-4B46-A7B8-D1398AE9B97F}
	EndGlobalSection
	GlobalSection(ExtensibilityGlobals) = postSolution
		SolutionGuid = {1360DB76-5A96-454E-9833-DFE21BA212D5}
	EndGlobalSection
EndGlobal
